// !$*UTF8*$!
{
	archiveVersion = 1;
	classes = {
	};
	objectVersion = 55;
	objects = {

/* Begin PBXBuildFile section */
		9400EAE428B272F50014E83E /* TodoSwiftUIApp.swift in Sources */ = {isa = PBXBuildFile; fileRef = 9400EAE328B272F50014E83E /* TodoSwiftUIApp.swift */; };
		9400EAE628B272F50014E83E /* ContentView.swift in Sources */ = {isa = PBXBuildFile; fileRef = 9400EAE528B272F50014E83E /* ContentView.swift */; };
		9400EAE828B272F60014E83E /* Assets.xcassets in Resources */ = {isa = PBXBuildFile; fileRef = 9400EAE728B272F60014E83E /* Assets.xcassets */; };
		9400EAEB28B272F60014E83E /* Preview Assets.xcassets in Resources */ = {isa = PBXBuildFile; fileRef = 9400EAEA28B272F60014E83E /* Preview Assets.xcassets */; };
		9400EAF228B2789A0014E83E /* TodoDetails.swift in Sources */ = {isa = PBXBuildFile; fileRef = 9400EAF128B2789A0014E83E /* TodoDetails.swift */; };
		9400EAF628B27AAF0014E83E /* TodoRow.swift in Sources */ = {isa = PBXBuildFile; fileRef = 9400EAF528B27AAF0014E83E /* TodoRow.swift */; };
		9400EAFB28B27F9A0014E83E /* AddTodo.swift in Sources */ = {isa = PBXBuildFile; fileRef = 9400EAFA28B27F9A0014E83E /* AddTodo.swift */; };
		9400EB0328B294110014E83E /* AddTodoButton.swift in Sources */ = {isa = PBXBuildFile; fileRef = 9400EB0228B294110014E83E /* AddTodoButton.swift */; };
		943A68A528B824DC0062C65F /* Todo.swift in Sources */ = {isa = PBXBuildFile; fileRef = 943A68A428B824DC0062C65F /* Todo.swift */; };
/* End PBXBuildFile section */

/* Begin PBXFileReference section */
		9400EAE028B272F50014E83E /* TodoSwiftUI.app */ = {isa = PBXFileReference; explicitFileType = wrapper.application; includeInIndex = 0; path = TodoSwiftUI.app; sourceTree = BUILT_PRODUCTS_DIR; };
		9400EAE328B272F50014E83E /* TodoSwiftUIApp.swift */ = {isa = PBXFileReference; lastKnownFileType = sourcecode.swift; path = TodoSwiftUIApp.swift; sourceTree = "<group>"; };
		9400EAE528B272F50014E83E /* ContentView.swift */ = {isa = PBXFileReference; lastKnownFileType = sourcecode.swift; path = ContentView.swift; sourceTree = "<group>"; };
		9400EAE728B272F60014E83E /* Assets.xcassets */ = {isa = PBXFileReference; lastKnownFileType = folder.assetcatalog; path = Assets.xcassets; sourceTree = "<group>"; };
		9400EAEA28B272F60014E83E /* Preview Assets.xcassets */ = {isa = PBXFileReference; lastKnownFileType = folder.assetcatalog; path = "Preview Assets.xcassets"; sourceTree = "<group>"; };
		9400EAF128B2789A0014E83E /* TodoDetails.swift */ = {isa = PBXFileReference; lastKnownFileType = sourcecode.swift; path = TodoDetails.swift; sourceTree = "<group>"; };
		9400EAF528B27AAF0014E83E /* TodoRow.swift */ = {isa = PBXFileReference; lastKnownFileType = sourcecode.swift; path = TodoRow.swift; sourceTree = "<group>"; };
		9400EAFA28B27F9A0014E83E /* AddTodo.swift */ = {isa = PBXFileReference; lastKnownFileType = sourcecode.swift; path = AddTodo.swift; sourceTree = "<group>"; };
		9400EB0228B294110014E83E /* AddTodoButton.swift */ = {isa = PBXFileReference; lastKnownFileType = sourcecode.swift; path = AddTodoButton.swift; sourceTree = "<group>"; };
		943A68A428B824DC0062C65F /* Todo.swift */ = {isa = PBXFileReference; lastKnownFileType = sourcecode.swift; path = Todo.swift; sourceTree = "<group>"; };
/* End PBXFileReference section */

/* Begin PBXFrameworksBuildPhase section */
		9400EADD28B272F50014E83E /* Frameworks */ = {
			isa = PBXFrameworksBuildPhase;
			buildActionMask = 2147483647;
			files = (
			);
			runOnlyForDeploymentPostprocessing = 0;
		};
/* End PBXFrameworksBuildPhase section */

/* Begin PBXGroup section */
		9400EAD728B272F50014E83E = {
			isa = PBXGroup;
			children = (
				9400EAE228B272F50014E83E /* TodoSwiftUI */,
				9400EAE128B272F50014E83E /* Products */,
			);
			sourceTree = "<group>";
		};
		9400EAE128B272F50014E83E /* Products */ = {
			isa = PBXGroup;
			children = (
				9400EAE028B272F50014E83E /* TodoSwiftUI.app */,
			);
			name = Products;
			sourceTree = "<group>";
		};
		9400EAE228B272F50014E83E /* TodoSwiftUI */ = {
			isa = PBXGroup;
			children = (
				9400EAE328B272F50014E83E /* TodoSwiftUIApp.swift */,
				9400EAF828B27F520014E83E /* Views */,
				9400EAF728B27F470014E83E /* Models */,
				9400EAE728B272F60014E83E /* Assets.xcassets */,
				9400EAE928B272F60014E83E /* Preview Content */,
			);
			path = TodoSwiftUI;
			sourceTree = "<group>";
		};
		9400EAE928B272F60014E83E /* Preview Content */ = {
			isa = PBXGroup;
			children = (
				9400EAEA28B272F60014E83E /* Preview Assets.xcassets */,
			);
			path = "Preview Content";
			sourceTree = "<group>";
		};
		9400EAF728B27F470014E83E /* Models */ = {
			isa = PBXGroup;
			children = (
				943A68A428B824DC0062C65F /* Todo.swift */,
			);
			path = Models;
			sourceTree = "<group>";
		};
		9400EAF828B27F520014E83E /* Views */ = {
			isa = PBXGroup;
			children = (
				9400EAE528B272F50014E83E /* ContentView.swift */,
				9400EAF528B27AAF0014E83E /* TodoRow.swift */,
				9400EAF128B2789A0014E83E /* TodoDetails.swift */,
				9400EAFA28B27F9A0014E83E /* AddTodo.swift */,
				9400EB0228B294110014E83E /* AddTodoButton.swift */,
			);
			path = Views;
			sourceTree = "<group>";
		};
/* End PBXGroup section */

/* Begin PBXNativeTarget section */
		9400EADF28B272F50014E83E /* TodoSwiftUI */ = {
			isa = PBXNativeTarget;
			buildConfigurationList = 9400EAEE28B272F60014E83E /* Build configuration list for PBXNativeTarget "TodoSwiftUI" */;
			buildPhases = (
				9400EADC28B272F50014E83E /* Sources */,
				9400EADD28B272F50014E83E /* Frameworks */,
				9400EADE28B272F50014E83E /* Resources */,
			);
			buildRules = (
			);
			dependencies = (
			);
			name = TodoSwiftUI;
			productName = TodoSwiftUI;
			productReference = 9400EAE028B272F50014E83E /* TodoSwiftUI.app */;
			productType = "com.apple.product-type.application";
		};
/* End PBXNativeTarget section */

/* Begin PBXProject section */
		9400EAD828B272F50014E83E /* Project object */ = {
			isa = PBXProject;
			attributes = {
				BuildIndependentTargetsInParallel = 1;
				LastSwiftUpdateCheck = 1340;
				LastUpgradeCheck = 1340;
				TargetAttributes = {
					9400EADF28B272F50014E83E = {
						CreatedOnToolsVersion = 13.4.1;
					};
				};
			};
			buildConfigurationList = 9400EADB28B272F50014E83E /* Build configuration list for PBXProject "TodoSwiftUI" */;
			compatibilityVersion = "Xcode 13.0";
			developmentRegion = en;
			hasScannedForEncodings = 0;
			knownRegions = (
				en,
				Base,
			);
			mainGroup = 9400EAD728B272F50014E83E;
			productRefGroup = 9400EAE128B272F50014E83E /* Products */;
			projectDirPath = "";
			projectRoot = "";
			targets = (
				9400EADF28B272F50014E83E /* TodoSwiftUI */,
			);
		};
/* End PBXProject section */

/* Begin PBXResourcesBuildPhase section */
		9400EADE28B272F50014E83E /* Resources */ = {
			isa = PBXResourcesBuildPhase;
			buildActionMask = 2147483647;
			files = (
				9400EAEB28B272F60014E83E /* Preview Assets.xcassets in Resources */,
				9400EAE828B272F60014E83E /* Assets.xcassets in Resources */,
			);
			runOnlyForDeploymentPostprocessing = 0;
		};
/* End PBXResourcesBuildPhase section */

/* Begin PBXSourcesBuildPhase section */
		9400EADC28B272F50014E83E /* Sources */ = {
			isa = PBXSourcesBuildPhase;
			buildActionMask = 2147483647;
			files = (
				9400EAE628B272F50014E83E /* ContentView.swift in Sources */,
				9400EB0328B294110014E83E /* AddTodoButton.swift in Sources */,
				943A68A528B824DC0062C65F /* Todo.swift in Sources */,
				9400EAE428B272F50014E83E /* TodoSwiftUIApp.swift in Sources */,
				9400EAF628B27AAF0014E83E /* TodoRow.swift in Sources */,
				9400EAFB28B27F9A0014E83E /* AddTodo.swift in Sources */,
				9400EAF228B2789A0014E83E /* TodoDetails.swift in Sources */,
			);
			runOnlyForDeploymentPostprocessing = 0;
		};
/* End PBXSourcesBuildPhase section */

/* Begin XCBuildConfiguration section */
		9400EAEC28B272F60014E83E /* Debug */ = {
			isa = XCBuildConfiguration;
			buildSettings = {
				ALWAYS_SEARCH_USER_PATHS = NO;
				CLANG_ANALYZER_NONNULL = YES;
				CLANG_ANALYZER_NUMBER_OBJECT_CONVERSION = YES_AGGRESSIVE;
				CLANG_CXX_LANGUAGE_STANDARD = "gnu++17";
				CLANG_ENABLE_MODULES = YES;
				CLANG_ENABLE_OBJC_ARC = YES;
				CLANG_ENABLE_OBJC_WEAK = YES;
				CLANG_WARN_BLOCK_CAPTURE_AUTORELEASING = YES;
				CLANG_WARN_BOOL_CONVERSION = YES;
				CLANG_WARN_COMMA = YES;
				CLANG_WARN_CONSTANT_CONVERSION = YES;
				CLANG_WARN_DEPRECATED_OBJC_IMPLEMENTATIONS = YES;
				CLANG_WARN_DIRECT_OBJC_ISA_USAGE = YES_ERROR;
				CLANG_WARN_DOCUMENTATION_COMMENTS = YES;
				CLANG_WARN_EMPTY_BODY = YES;
				CLANG_WARN_ENUM_CONVERSION = YES;
				CLANG_WARN_INFINITE_RECURSION = YES;
				CLANG_WARN_INT_CONVERSION = YES;
				CLANG_WARN_NON_LITERAL_NULL_CONVERSION = YES;
				CLANG_WARN_OBJC_IMPLICIT_RETAIN_SELF = YES;
				CLANG_WARN_OBJC_LITERAL_CONVERSION = YES;
				CLANG_WARN_OBJC_ROOT_CLASS = YES_ERROR;
				CLANG_WARN_QUOTED_INCLUDE_IN_FRAMEWORK_HEADER = YES;
				CLANG_WARN_RANGE_LOOP_ANALYSIS = YES;
				CLANG_WARN_STRICT_PROTOTYPES = YES;
				CLANG_WARN_SUSPICIOUS_MOVE = YES;
				CLANG_WARN_UNGUARDED_AVAILABILITY = YES_AGGRESSIVE;
				CLANG_WARN_UNREACHABLE_CODE = YES;
				CLANG_WARN__DUPLICATE_METHOD_MATCH = YES;
				COPY_PHASE_STRIP = NO;
				DEBUG_INFORMATION_FORMAT = dwarf;
				ENABLE_STRICT_OBJC_MSGSEND = YES;
				ENABLE_TESTABILITY = YES;
				GCC_C_LANGUAGE_STANDARD = gnu11;
				GCC_DYNAMIC_NO_PIC = NO;
				GCC_NO_COMMON_BLOCKS = YES;
				GCC_OPTIMIZATION_LEVEL = 0;
				GCC_PREPROCESSOR_DEFINITIONS = (
					"DEBUG=1",
					"$(inherited)",
				);
				GCC_WARN_64_TO_32_BIT_CONVERSION = YES;
				GCC_WARN_ABOUT_RETURN_TYPE = YES_ERROR;
				GCC_WARN_UNDECLARED_SELECTOR = YES;
				GCC_WARN_UNINITIALIZED_AUTOS = YES_AGGRESSIVE;
				GCC_WARN_UNUSED_FUNCTION = YES;
				GCC_WARN_UNUSED_VARIABLE = YES;
				IPHONEOS_DEPLOYMENT_TARGET = 15.5;
				MTL_ENABLE_DEBUG_INFO = INCLUDE_SOURCE;
				MTL_FAST_MATH = YES;
				ONLY_ACTIVE_ARCH = YES;
				SDKROOT = iphoneos;
				SWIFT_ACTIVE_COMPILATION_CONDITIONS = DEBUG;
				SWIFT_OPTIMIZATION_LEVEL = "-Onone";
			};
			name = Debug;
		};
		9400EAED28B272F60014E83E /* Release */ = {
			isa = XCBuildConfiguration;
			buildSettings = {
				ALWAYS_SEARCH_USER_PATHS = NO;
				CLANG_ANALYZER_NONNULL = YES;
				CLANG_ANALYZER_NUMBER_OBJECT_CONVERSION = YES_AGGRESSIVE;
				CLANG_CXX_LANGUAGE_STANDARD = "gnu++17";
				CLANG_ENABLE_MODULES = YES;
				CLANG_ENABLE_OBJC_ARC = YES;
				CLANG_ENABLE_OBJC_WEAK = YES;
				CLANG_WARN_BLOCK_CAPTURE_AUTORELEASING = YES;
				CLANG_WARN_BOOL_CONVERSION = YES;
				CLANG_WARN_COMMA = YES;
				CLANG_WARN_CONSTANT_CONVERSION = YES;
				CLANG_WARN_DEPRECATED_OBJC_IMPLEMENTATIONS = YES;
				CLANG_WARN_DIRECT_OBJC_ISA_USAGE = YES_ERROR;
				CLANG_WARN_DOCUMENTATION_COMMENTS = YES;
				CLANG_WARN_EMPTY_BODY = YES;
				CLANG_WARN_ENUM_CONVERSION = YES;
				CLANG_WARN_INFINITE_RECURSION = YES;
				CLANG_WARN_INT_CONVERSION = YES;
				CLANG_WARN_NON_LITERAL_NULL_CONVERSION = YES;
				CLANG_WARN_OBJC_IMPLICIT_RETAIN_SELF = YES;
				CLANG_WARN_OBJC_LITERAL_CONVERSION = YES;
				CLANG_WARN_OBJC_ROOT_CLASS = YES_ERROR;
				CLANG_WARN_QUOTED_INCLUDE_IN_FRAMEWORK_HEADER = YES;
				CLANG_WARN_RANGE_LOOP_ANALYSIS = YES;
				CLANG_WARN_STRICT_PROTOTYPES = YES;
				CLANG_WARN_SUSPICIOUS_MOVE = YES;
				CLANG_WARN_UNGUARDED_AVAILABILITY = YES_AGGRESSIVE;
				CLANG_WARN_UNREACHABLE_CODE = YES;
				CLANG_WARN__DUPLICATE_METHOD_MATCH = YES;
				COPY_PHASE_STRIP = NO;
				DEBUG_INFORMATION_FORMAT = "dwarf-with-dsym";
				ENABLE_NS_ASSERTIONS = NO;
				ENABLE_STRICT_OBJC_MSGSEND = YES;
				GCC_C_LANGUAGE_STANDARD = gnu11;
				GCC_NO_COMMON_BLOCKS = YES;
				GCC_WARN_64_TO_32_BIT_CONVERSION = YES;
				GCC_WARN_ABOUT_RETURN_TYPE = YES_ERROR;
				GCC_WARN_UNDECLARED_SELECTOR = YES;
				GCC_WARN_UNINITIALIZED_AUTOS = YES_AGGRESSIVE;
				GCC_WARN_UNUSED_FUNCTION = YES;
				GCC_WARN_UNUSED_VARIABLE = YES;
				IPHONEOS_DEPLOYMENT_TARGET = 15.5;
				MTL_ENABLE_DEBUG_INFO = NO;
				MTL_FAST_MATH = YES;
				SDKROOT = iphoneos;
				SWIFT_COMPILATION_MODE = wholemodule;
				SWIFT_OPTIMIZATION_LEVEL = "-O";
				VALIDATE_PRODUCT = YES;
			};
			name = Release;
		};
		9400EAEF28B272F60014E83E /* Debug */ = {
			isa = XCBuildConfiguration;
			buildSettings = {
				ASSETCATALOG_COMPILER_APPICON_NAME = AppIcon;
				ASSETCATALOG_COMPILER_GLOBAL_ACCENT_COLOR_NAME = AccentColor;
				CODE_SIGN_STYLE = Automatic;
				CURRENT_PROJECT_VERSION = 1;
				DEVELOPMENT_ASSET_PATHS = "\"TodoSwiftUI/Preview Content\"";
				DEVELOPMENT_TEAM = 37XNCNA2LM;
				ENABLE_PREVIEWS = YES;
				GENERATE_INFOPLIST_FILE = YES;
				INFOPLIST_FILE = TodoSwiftUI/Info.plist;
				INFOPLIST_KEY_UIApplicationSceneManifest_Generation = YES;
				INFOPLIST_KEY_UIApplicationSupportsIndirectInputEvents = YES;
				INFOPLIST_KEY_UISupportedInterfaceOrientations_iPad = "UIInterfaceOrientationPortrait UIInterfaceOrientationPortraitUpsideDown UIInterfaceOrientationLandscapeLeft UIInterfaceOrientationLandscapeRight";
				INFOPLIST_KEY_UISupportedInterfaceOrientations_iPhone = "UIInterfaceOrientationPortrait UIInterfaceOrientationLandscapeLeft UIInterfaceOrientationLandscapeRight";
				LD_RUNPATH_SEARCH_PATHS = (
					"$(inherited)",
					"@executable_path/Frameworks",
				);
				MARKETING_VERSION = 1.0;
				PRODUCT_BUNDLE_IDENTIFIER = com.rmkane.TodoSwiftUI;
				PRODUCT_NAME = "$(TARGET_NAME)";
				SWIFT_EMIT_LOC_STRINGS = YES;
				SWIFT_VERSION = 5.0;
				TARGETED_DEVICE_FAMILY = "1,2";
			};
			name = Debug;
		};
		9400EAF028B272F60014E83E /* Release */ = {
			isa = XCBuildConfiguration;
			buildSettings = {
				ASSETCATALOG_COMPILER_APPICON_NAME = AppIcon;
				ASSETCATALOG_COMPILER_GLOBAL_ACCENT_COLOR_NAME = AccentColor;
				CODE_SIGN_STYLE = Automatic;
				CURRENT_PROJECT_VERSION = 1;
				DEVELOPMENT_ASSET_PATHS = "\"TodoSwiftUI/Preview Content\"";
				DEVELOPMENT_TEAM = 37XNCNA2LM;
				ENABLE_PREVIEWS = YES;
				GENERATE_INFOPLIST_FILE = YES;
				INFOPLIST_FILE = TodoSwiftUI/Info.plist;
				INFOPLIST_KEY_UIApplicationSceneManifest_Generation = YES;
				INFOPLIST_KEY_UIApplicationSupportsIndirectInputEvents = YES;
				INFOPLIST_KEY_UISupportedInterfaceOrientations_iPad = "UIInterfaceOrientationPortrait UIInterfaceOrientationPortraitUpsideDown UIInterfaceOrientationLandscapeLeft UIInterfaceOrientationLandscapeRight";
				INFOPLIST_KEY_UISupportedInterfaceOrientations_iPhone = "UIInterfaceOrientationPortrait UIInterfaceOrientationLandscapeLeft UIInterfaceOrientationLandscapeRight";
				LD_RUNPATH_SEARCH_PATHS = (
					"$(inherited)",
					"@executable_path/Frameworks",
				);
				MARKETING_VERSION = 1.0;
				PRODUCT_BUNDLE_IDENTIFIER = com.rmkane.TodoSwiftUI;
				PRODUCT_NAME = "$(TARGET_NAME)";
				SWIFT_EMIT_LOC_STRINGS = YES;
				SWIFT_VERSION = 5.0;
				TARGETED_DEVICE_FAMILY = "1,2";
			};
			name = Release;
		};
/* End XCBuildConfiguration section */

/* Begin XCConfigurationList section */
		9400EADB28B272F50014E83E /* Build configuration list for PBXProject "TodoSwiftUI" */ = {
			isa = XCConfigurationList;
			buildConfigurations = (
				9400EAEC28B272F60014E83E /* Debug */,
				9400EAED28B272F60014E83E /* Release */,
			);
			defaultConfigurationIsVisible = 0;
			defaultConfigurationName = Release;
		};
		9400EAEE28B272F60014E83E /* Build configuration list for PBXNativeTarget "TodoSwiftUI" */ = {
			isa = XCConfigurationList;
			buildConfigurations = (
				9400EAEF28B272F60014E83E /* Debug */,
				9400EAF028B272F60014E83E /* Release */,
			);
			defaultConfigurationIsVisible = 0;
			defaultConfigurationName = Release;
		};
/* End XCConfigurationList section */
	};
	rootObject = 9400EAD828B272F50014E83E /* Project object */;
}
